// !$*UTF8*$!
{
	archiveVersion = 1;
	classes = {
	};
	objectVersion = 46;
	objects = {

/* Begin PBXBuildFile section */
		E3170A431F0AD807003F8687 /* SlideshowController.swift in Sources */ = {isa = PBXBuildFile; fileRef = E3170A421F0AD807003F8687 /* SlideshowController.swift */; };
		E3170A451F0D90C0003F8687 /* downSwipe.swift in Sources */ = {isa = PBXBuildFile; fileRef = E3170A441F0D90C0003F8687 /* downSwipe.swift */; };
		E391E5EE1F034E2B00224DBC /* AppDelegate.swift in Sources */ = {isa = PBXBuildFile; fileRef = E391E5ED1F034E2B00224DBC /* AppDelegate.swift */; };
		E391E5F01F034E2B00224DBC /* ViewController.swift in Sources */ = {isa = PBXBuildFile; fileRef = E391E5EF1F034E2B00224DBC /* ViewController.swift */; };
		E391E5F31F034E2B00224DBC /* Main.storyboard in Resources */ = {isa = PBXBuildFile; fileRef = E391E5F11F034E2B00224DBC /* Main.storyboard */; };
		E391E5F51F034E2B00224DBC /* Assets.xcassets in Resources */ = {isa = PBXBuildFile; fileRef = E391E5F41F034E2B00224DBC /* Assets.xcassets */; };
		E391E6011F03FD5800224DBC /* ss_maxresdefault.jpg in Resources */ = {isa = PBXBuildFile; fileRef = E391E6001F03FD5800224DBC /* ss_maxresdefault.jpg */; };
		E391E6091F0440E200224DBC /* SS_Image.swift in Sources */ = {isa = PBXBuildFile; fileRef = E391E6081F0440E200224DBC /* SS_Image.swift */; };
		E391E60B1F0441C400224DBC /* SS_ImageTableViewCell.swift in Sources */ = {isa = PBXBuildFile; fileRef = E391E60A1F0441C400224DBC /* SS_ImageTableViewCell.swift */; };
		E391E60D1F044A2800224DBC /* ss_ImageAddController.swift in Sources */ = {isa = PBXBuildFile; fileRef = E391E60C1F044A2800224DBC /* ss_ImageAddController.swift */; };
		FDD39795824FC830CF6E63F7 /* Pods_OpenHouseCheckIn.framework in Frameworks */ = {isa = PBXBuildFile; fileRef = 022A9F822F3CF955D3E5D45E /* Pods_OpenHouseCheckIn.framework */; };
/* End PBXBuildFile section */

/* Begin PBXFileReference section */
		022A9F822F3CF955D3E5D45E /* Pods_OpenHouseCheckIn.framework */ = {isa = PBXFileReference; explicitFileType = wrapper.framework; includeInIndex = 0; path = Pods_OpenHouseCheckIn.framework; sourceTree = BUILT_PRODUCTS_DIR; };
		2DED677647B00B6C92D77D65 /* Pods-OpenHouseCheckIn.release.xcconfig */ = {isa = PBXFileReference; includeInIndex = 1; lastKnownFileType = text.xcconfig; name = "Pods-OpenHouseCheckIn.release.xcconfig"; path = "Pods/Target Support Files/Pods-OpenHouseCheckIn/Pods-OpenHouseCheckIn.release.xcconfig"; sourceTree = "<group>"; };
		9B8FD72CF164FAC7A4FAE059 /* Pods-OpenHouseCheckIn.debug.xcconfig */ = {isa = PBXFileReference; includeInIndex = 1; lastKnownFileType = text.xcconfig; name = "Pods-OpenHouseCheckIn.debug.xcconfig"; path = "Pods/Target Support Files/Pods-OpenHouseCheckIn/Pods-OpenHouseCheckIn.debug.xcconfig"; sourceTree = "<group>"; };
		E3170A421F0AD807003F8687 /* SlideshowController.swift */ = {isa = PBXFileReference; fileEncoding = 4; lastKnownFileType = sourcecode.swift; path = SlideshowController.swift; sourceTree = "<group>"; };
		E3170A441F0D90C0003F8687 /* downSwipe.swift */ = {isa = PBXFileReference; fileEncoding = 4; lastKnownFileType = sourcecode.swift; path = downSwipe.swift; sourceTree = "<group>"; };
		E391E5EA1F034E2B00224DBC /* OpenHouseCheckIn.app */ = {isa = PBXFileReference; explicitFileType = wrapper.application; includeInIndex = 0; path = OpenHouseCheckIn.app; sourceTree = BUILT_PRODUCTS_DIR; };
		E391E5ED1F034E2B00224DBC /* AppDelegate.swift */ = {isa = PBXFileReference; lastKnownFileType = sourcecode.swift; path = AppDelegate.swift; sourceTree = "<group>"; };
		E391E5EF1F034E2B00224DBC /* ViewController.swift */ = {isa = PBXFileReference; lastKnownFileType = sourcecode.swift; path = ViewController.swift; sourceTree = "<group>"; };
		E391E5F21F034E2B00224DBC /* Base */ = {isa = PBXFileReference; lastKnownFileType = file.storyboard; name = Base; path = Base.lproj/Main.storyboard; sourceTree = "<group>"; };
		E391E5F41F034E2B00224DBC /* Assets.xcassets */ = {isa = PBXFileReference; lastKnownFileType = folder.assetcatalog; path = Assets.xcassets; sourceTree = "<group>"; };
		E391E5F91F034E2B00224DBC /* Info.plist */ = {isa = PBXFileReference; lastKnownFileType = text.plist.xml; path = Info.plist; sourceTree = "<group>"; };
		E391E6001F03FD5800224DBC /* ss_maxresdefault.jpg */ = {isa = PBXFileReference; lastKnownFileType = image.jpeg; path = ss_maxresdefault.jpg; sourceTree = "<group>"; };
		E391E6081F0440E200224DBC /* SS_Image.swift */ = {isa = PBXFileReference; fileEncoding = 4; lastKnownFileType = sourcecode.swift; path = SS_Image.swift; sourceTree = "<group>"; };
		E391E60A1F0441C400224DBC /* SS_ImageTableViewCell.swift */ = {isa = PBXFileReference; fileEncoding = 4; lastKnownFileType = sourcecode.swift; path = SS_ImageTableViewCell.swift; sourceTree = "<group>"; };
		E391E60C1F044A2800224DBC /* ss_ImageAddController.swift */ = {isa = PBXFileReference; fileEncoding = 4; lastKnownFileType = sourcecode.swift; path = ss_ImageAddController.swift; sourceTree = "<group>"; };
/* End PBXFileReference section */

/* Begin PBXFrameworksBuildPhase section */
		E391E5E71F034E2B00224DBC /* Frameworks */ = {
			isa = PBXFrameworksBuildPhase;
			buildActionMask = 2147483647;
			files = (
				FDD39795824FC830CF6E63F7 /* Pods_OpenHouseCheckIn.framework in Frameworks */,
			);
			runOnlyForDeploymentPostprocessing = 0;
		};
/* End PBXFrameworksBuildPhase section */

/* Begin PBXGroup section */
		3FA2DD9087D428BBBD8E64FC /* Frameworks */ = {
			isa = PBXGroup;
			children = (
				022A9F822F3CF955D3E5D45E /* Pods_OpenHouseCheckIn.framework */,
			);
			name = Frameworks;
			sourceTree = "<group>";
		};
		5FF8DE1951031BE326F0BAC2 /* Pods */ = {
			isa = PBXGroup;
			children = (
				9B8FD72CF164FAC7A4FAE059 /* Pods-OpenHouseCheckIn.debug.xcconfig */,
				2DED677647B00B6C92D77D65 /* Pods-OpenHouseCheckIn.release.xcconfig */,
			);
			name = Pods;
			sourceTree = "<group>";
		};
		E391E5E11F034E2B00224DBC = {
			isa = PBXGroup;
			children = (
				E391E5EC1F034E2B00224DBC /* OpenHouseCheckIn */,
				E391E5EB1F034E2B00224DBC /* Products */,
				5FF8DE1951031BE326F0BAC2 /* Pods */,
				3FA2DD9087D428BBBD8E64FC /* Frameworks */,
			);
			sourceTree = "<group>";
		};
		E391E5EB1F034E2B00224DBC /* Products */ = {
			isa = PBXGroup;
			children = (
				E391E5EA1F034E2B00224DBC /* OpenHouseCheckIn.app */,
			);
			name = Products;
			sourceTree = "<group>";
		};
		E391E5EC1F034E2B00224DBC /* OpenHouseCheckIn */ = {
			isa = PBXGroup;
			children = (
				E391E5FF1F03FD5800224DBC /* Content */,
				E391E5ED1F034E2B00224DBC /* AppDelegate.swift */,
				E391E5EF1F034E2B00224DBC /* ViewController.swift */,
				E391E60C1F044A2800224DBC /* ss_ImageAddController.swift */,
				E391E5F11F034E2B00224DBC /* Main.storyboard */,
				E3170A421F0AD807003F8687 /* SlideshowController.swift */,
				E3170A441F0D90C0003F8687 /* downSwipe.swift */,
				E391E6081F0440E200224DBC /* SS_Image.swift */,
				E391E60A1F0441C400224DBC /* SS_ImageTableViewCell.swift */,
				E391E5F41F034E2B00224DBC /* Assets.xcassets */,
				E391E5F91F034E2B00224DBC /* Info.plist */,
			);
			path = OpenHouseCheckIn;
			sourceTree = "<group>";
		};
		E391E5FF1F03FD5800224DBC /* Content */ = {
			isa = PBXGroup;
			children = (
				E391E6001F03FD5800224DBC /* ss_maxresdefault.jpg */,
			);
			path = Content;
			sourceTree = "<group>";
		};
/* End PBXGroup section */

/* Begin PBXNativeTarget section */
		E391E5E91F034E2B00224DBC /* OpenHouseCheckIn */ = {
			isa = PBXNativeTarget;
			buildConfigurationList = E391E5FC1F034E2B00224DBC /* Build configuration list for PBXNativeTarget "OpenHouseCheckIn" */;
			buildPhases = (
				E9EDA4D0FCF9F9E30A71C942 /* [CP] Check Pods Manifest.lock */,
				E391E5E61F034E2B00224DBC /* Sources */,
				E391E5E71F034E2B00224DBC /* Frameworks */,
				E391E5E81F034E2B00224DBC /* Resources */,
				80FFEC6E46C4E5B5A4EAF9BF /* [CP] Embed Pods Frameworks */,
				B3BA83326EED024F2874792D /* [CP] Copy Pods Resources */,
			);
			buildRules = (
			);
			dependencies = (
			);
			name = OpenHouseCheckIn;
			productName = OpenHouseCheckIn;
			productReference = E391E5EA1F034E2B00224DBC /* OpenHouseCheckIn.app */;
			productType = "com.apple.product-type.application";
		};
/* End PBXNativeTarget section */

/* Begin PBXProject section */
		E391E5E21F034E2B00224DBC /* Project object */ = {
			isa = PBXProject;
			attributes = {
				LastSwiftUpdateCheck = 0830;
				LastUpgradeCheck = 0830;
				ORGANIZATIONNAME = "Don Walsh";
				TargetAttributes = {
					E391E5E91F034E2B00224DBC = {
						CreatedOnToolsVersion = 8.3.3;
						DevelopmentTeam = 69VEP22CDG;
						ProvisioningStyle = Automatic;
					};
				};
			};
			buildConfigurationList = E391E5E51F034E2B00224DBC /* Build configuration list for PBXProject "OpenHouseCheckIn" */;
			compatibilityVersion = "Xcode 3.2";
			developmentRegion = English;
			hasScannedForEncodings = 0;
			knownRegions = (
				en,
				Base,
			);
			mainGroup = E391E5E11F034E2B00224DBC;
			productRefGroup = E391E5EB1F034E2B00224DBC /* Products */;
			projectDirPath = "";
			projectRoot = "";
			targets = (
				E391E5E91F034E2B00224DBC /* OpenHouseCheckIn */,
			);
		};
/* End PBXProject section */

/* Begin PBXResourcesBuildPhase section */
		E391E5E81F034E2B00224DBC /* Resources */ = {
			isa = PBXResourcesBuildPhase;
			buildActionMask = 2147483647;
			files = (
				E391E6011F03FD5800224DBC /* ss_maxresdefault.jpg in Resources */,
				E391E5F51F034E2B00224DBC /* Assets.xcassets in Resources */,
				E391E5F31F034E2B00224DBC /* Main.storyboard in Resources */,
			);
			runOnlyForDeploymentPostprocessing = 0;
		};
/* End PBXResourcesBuildPhase section */

/* Begin PBXShellScriptBuildPhase section */
		80FFEC6E46C4E5B5A4EAF9BF /* [CP] Embed Pods Frameworks */ = {
			isa = PBXShellScriptBuildPhase;
			buildActionMask = 2147483647;
			files = (
			);
			inputPaths = (
			);
			name = "[CP] Embed Pods Frameworks";
			outputPaths = (
			);
			runOnlyForDeploymentPostprocessing = 0;
			shellPath = /bin/sh;
			shellScript = "\"${SRCROOT}/Pods/Target Support Files/Pods-OpenHouseCheckIn/Pods-OpenHouseCheckIn-frameworks.sh\"\n";
			showEnvVarsInLog = 0;
		};
		B3BA83326EED024F2874792D /* [CP] Copy Pods Resources */ = {
			isa = PBXShellScriptBuildPhase;
			buildActionMask = 2147483647;
			files = (
			);
			inputPaths = (
			);
			name = "[CP] Copy Pods Resources";
			outputPaths = (
			);
			runOnlyForDeploymentPostprocessing = 0;
			shellPath = /bin/sh;
			shellScript = "\"${SRCROOT}/Pods/Target Support Files/Pods-OpenHouseCheckIn/Pods-OpenHouseCheckIn-resources.sh\"\n";
			showEnvVarsInLog = 0;
		};
		E9EDA4D0FCF9F9E30A71C942 /* [CP] Check Pods Manifest.lock */ = {
			isa = PBXShellScriptBuildPhase;
			buildActionMask = 2147483647;
			files = (
			);
			inputPaths = (
			);
			name = "[CP] Check Pods Manifest.lock";
			outputPaths = (
			);
			runOnlyForDeploymentPostprocessing = 0;
			shellPath = /bin/sh;
			shellScript = "diff \"${PODS_PODFILE_DIR_PATH}/Podfile.lock\" \"${PODS_ROOT}/Manifest.lock\" > /dev/null\nif [ $? != 0 ] ; then\n    # print error to STDERR\n    echo \"error: The sandbox is not in sync with the Podfile.lock. Run 'pod install' or update your CocoaPods installation.\" >&2\n    exit 1\nfi\n";
			showEnvVarsInLog = 0;
		};
/* End PBXShellScriptBuildPhase section */

/* Begin PBXSourcesBuildPhase section */
		E391E5E61F034E2B00224DBC /* Sources */ = {
			isa = PBXSourcesBuildPhase;
			buildActionMask = 2147483647;
			files = (
				E3170A431F0AD807003F8687 /* SlideshowController.swift in Sources */,
				E391E6091F0440E200224DBC /* SS_Image.swift in Sources */,
				E3170A451F0D90C0003F8687 /* downSwipe.swift in Sources */,
				E391E5F01F034E2B00224DBC /* ViewController.swift in Sources */,
				E391E60D1F044A2800224DBC /* ss_ImageAddController.swift in Sources */,
				E391E5EE1F034E2B00224DBC /* AppDelegate.swift in Sources */,
				E391E60B1F0441C400224DBC /* SS_ImageTableViewCell.swift in Sources */,
			);
			runOnlyForDeploymentPostprocessing = 0;
		};
/* End PBXSourcesBuildPhase section */

/* Begin PBXVariantGroup section */
		E391E5F11F034E2B00224DBC /* Main.storyboard */ = {
			isa = PBXVariantGroup;
			children = (
				E391E5F21F034E2B00224DBC /* Base */,
			);
			name = Main.storyboard;
			sourceTree = "<group>";
		};
/* End PBXVariantGroup section */

/* Begin XCBuildConfiguration section */
		E391E5FA1F034E2B00224DBC /* Debug */ = {
			isa = XCBuildConfiguration;
			buildSettings = {
				ALWAYS_SEARCH_USER_PATHS = NO;
				CLANG_ANALYZER_NONNULL = YES;
				CLANG_ANALYZER_NUMBER_OBJECT_CONVERSION = YES_AGGRESSIVE;
				CLANG_CXX_LANGUAGE_STANDARD = "gnu++0x";
				CLANG_CXX_LIBRARY = "libc++";
				CLANG_ENABLE_MODULES = YES;
				CLANG_ENABLE_OBJC_ARC = YES;
				CLANG_WARN_BOOL_CONVERSION = YES;
				CLANG_WARN_CONSTANT_CONVERSION = YES;
				CLANG_WARN_DIRECT_OBJC_ISA_USAGE = YES_ERROR;
				CLANG_WARN_DOCUMENTATION_COMMENTS = YES;
				CLANG_WARN_EMPTY_BODY = YES;
				CLANG_WARN_ENUM_CONVERSION = YES;
				CLANG_WARN_INFINITE_RECURSION = YES;
				CLANG_WARN_INT_CONVERSION = YES;
				CLANG_WARN_OBJC_ROOT_CLASS = YES_ERROR;
				CLANG_WARN_SUSPICIOUS_MOVE = YES;
				CLANG_WARN_UNREACHABLE_CODE = YES;
				CLANG_WARN__DUPLICATE_METHOD_MATCH = YES;
				"CODE_SIGN_IDENTITY[sdk=iphoneos*]" = "iPhone Developer";
				COPY_PHASE_STRIP = NO;
				DEBUG_INFORMATION_FORMAT = dwarf;
				ENABLE_STRICT_OBJC_MSGSEND = YES;
				ENABLE_TESTABILITY = YES;
				GCC_C_LANGUAGE_STANDARD = gnu99;
				GCC_DYNAMIC_NO_PIC = NO;
				GCC_NO_COMMON_BLOCKS = YES;
				GCC_OPTIMIZATION_LEVEL = 0;
				GCC_PREPROCESSOR_DEFINITIONS = (
					"DEBUG=1",
					"$(inherited)",
				);
				GCC_WARN_64_TO_32_BIT_CONVERSION = YES;
				GCC_WARN_ABOUT_RETURN_TYPE = YES_ERROR;
				GCC_WARN_UNDECLARED_SELECTOR = YES;
				GCC_WARN_UNINITIALIZED_AUTOS = YES_AGGRESSIVE;
				GCC_WARN_UNUSED_FUNCTION = YES;
				GCC_WARN_UNUSED_VARIABLE = YES;
				IPHONEOS_DEPLOYMENT_TARGET = 10.3;
				MTL_ENABLE_DEBUG_INFO = YES;
				ONLY_ACTIVE_ARCH = YES;
				SDKROOT = iphoneos;
				SWIFT_ACTIVE_COMPILATION_CONDITIONS = DEBUG;
				SWIFT_OPTIMIZATION_LEVEL = "-Onone";
				TARGETED_DEVICE_FAMILY = 2;
			};
			name = Debug;
		};
		E391E5FB1F034E2B00224DBC /* Release */ = {
			isa = XCBuildConfiguration;
			buildSettings = {
				ALWAYS_SEARCH_USER_PATHS = NO;
				CLANG_ANALYZER_NONNULL = YES;
				CLANG_ANALYZER_NUMBER_OBJECT_CONVERSION = YES_AGGRESSIVE;
				CLANG_CXX_LANGUAGE_STANDARD = "gnu++0x";
				CLANG_CXX_LIBRARY = "libc++";
				CLANG_ENABLE_MODULES = YES;
				CLANG_ENABLE_OBJC_ARC = YES;
				CLANG_WARN_BOOL_CONVERSION = YES;
				CLANG_WARN_CONSTANT_CONVERSION = YES;
				CLANG_WARN_DIRECT_OBJC_ISA_USAGE = YES_ERROR;
				CLANG_WARN_DOCUMENTATION_COMMENTS = YES;
				CLANG_WARN_EMPTY_BODY = YES;
				CLANG_WARN_ENUM_CONVERSION = YES;
				CLANG_WARN_INFINITE_RECURSION = YES;
				CLANG_WARN_INT_CONVERSION = YES;
				CLANG_WARN_OBJC_ROOT_CLASS = YES_ERROR;
				CLANG_WARN_SUSPICIOUS_MOVE = YES;
				CLANG_WARN_UNREACHABLE_CODE = YES;
				CLANG_WARN__DUPLICATE_METHOD_MATCH = YES;
				"CODE_SIGN_IDENTITY[sdk=iphoneos*]" = "iPhone Developer";
				COPY_PHASE_STRIP = NO;
				DEBUG_INFORMATION_FORMAT = "dwarf-with-dsym";
				ENABLE_NS_ASSERTIONS = NO;
				ENABLE_STRICT_OBJC_MSGSEND = YES;
				GCC_C_LANGUAGE_STANDARD = gnu99;
				GCC_NO_COMMON_BLOCKS = YES;
				GCC_WARN_64_TO_32_BIT_CONVERSION = YES;
				GCC_WARN_ABOUT_RETURN_TYPE = YES_ERROR;
				GCC_WARN_UNDECLARED_SELECTOR = YES;
				GCC_WARN_UNINITIALIZED_AUTOS = YES_AGGRESSIVE;
				GCC_WARN_UNUSED_FUNCTION = YES;
				GCC_WARN_UNUSED_VARIABLE = YES;
				IPHONEOS_DEPLOYMENT_TARGET = 10.3;
				MTL_ENABLE_DEBUG_INFO = NO;
				SDKROOT = iphoneos;
				SWIFT_OPTIMIZATION_LEVEL = "-Owholemodule";
				TARGETED_DEVICE_FAMILY = 2;
				VALIDATE_PRODUCT = YES;
			};
			name = Release;
		};
		E391E5FD1F034E2B00224DBC /* Debug */ = {
			isa = XCBuildConfiguration;
			baseConfigurationReference = 9B8FD72CF164FAC7A4FAE059 /* Pods-OpenHouseCheckIn.debug.xcconfig */;
			buildSettings = {
				ASSETCATALOG_COMPILER_APPICON_NAME = AppIcon;
				DEVELOPMENT_TEAM = 69VEP22CDG;
				INFOPLIST_FILE = OpenHouseCheckIn/Info.plist;
				LD_RUNPATH_SEARCH_PATHS = "$(inherited) @executable_path/Frameworks";
				PRODUCT_BUNDLE_IDENTIFIER = com.example.OpenHouseCheckIn;
				PRODUCT_NAME = "$(TARGET_NAME)";
				SWIFT_VERSION = 3.0;
			};
			name = Debug;
		};
		E391E5FE1F034E2B00224DBC /* Release */ = {
			isa = XCBuildConfiguration;
			baseConfigurationReference = 2DED677647B00B6C92D77D65 /* Pods-OpenHouseCheckIn.release.xcconfig */;
			buildSettings = {
				ASSETCATALOG_COMPILER_APPICON_NAME = AppIcon;
				DEVELOPMENT_TEAM = 69VEP22CDG;
				INFOPLIST_FILE = OpenHouseCheckIn/Info.plist;
				LD_RUNPATH_SEARCH_PATHS = "$(inherited) @executable_path/Frameworks";
				PRODUCT_BUNDLE_IDENTIFIER = com.example.OpenHouseCheckIn;
				PRODUCT_NAME = "$(TARGET_NAME)";
				SWIFT_VERSION = 3.0;
			};
			name = Release;
		};
/* End XCBuildConfiguration section */

/* Begin XCConfigurationList section */
		E391E5E51F034E2B00224DBC /* Build configuration list for PBXProject "OpenHouseCheckIn" */ = {
			isa = XCConfigurationList;
			buildConfigurations = (
				E391E5FA1F034E2B00224DBC /* Debug */,
				E391E5FB1F034E2B00224DBC /* Release */,
			);
			defaultConfigurationIsVisible = 0;
			defaultConfigurationName = Release;
		};
		E391E5FC1F034E2B00224DBC /* Build configuration list for PBXNativeTarget "OpenHouseCheckIn" */ = {
			isa = XCConfigurationList;
			buildConfigurations = (
				E391E5FD1F034E2B00224DBC /* Debug */,
				E391E5FE1F034E2B00224DBC /* Release */,
			);
			defaultConfigurationIsVisible = 0;
			defaultConfigurationName = Release;
		};
/* End XCConfigurationList section */
	};
	rootObject = E391E5E21F034E2B00224DBC /* Project object */;
}
